{
  "name": "@speechly/api",
  "version": "0.3.2",
  "lockfileVersion": 2,
  "requires": true,
  "packages": {
    "": {
      "name": "@speechly/api",
      "version": "0.3.2",
      "license": "MIT",
      "devDependencies": {
        "@types/node": "^16.6",
        "typescript": "^4.3"
      },
      "peerDependencies": {
        "@grpc/grpc-js": "^1.3",
        "google-protobuf": "^3"
      }
    },
    "node_modules/@grpc/grpc-js": {
      "version": "1.3.7",
      "resolved": "https://registry.npmjs.org/@grpc/grpc-js/-/grpc-js-1.3.7.tgz",
      "integrity": "sha512-CKQVuwuSPh40tgOkR7c0ZisxYRiN05PcKPW72mQL5y++qd7CwBRoaJZvU5xfXnCJDFBmS3qZGQ71Frx6Ofo2XA==",
      "peer": true,
      "dependencies": {
        "@types/node": ">=12.12.47"
      },
      "engines": {
        "node": "^8.13.0 || >=10.10.0"
      }
    },
    "node_modules/@types/node": {
      "version": "16.6.1",
      "resolved": "https://registry.npmjs.org/@types/node/-/node-16.6.1.tgz",
      "integrity": "sha512-Sr7BhXEAer9xyGuCN3Ek9eg9xPviCF2gfu9kTfuU2HkTVAMYSDeX40fvpmo72n5nansg3nsBjuQBrsS28r+NUw=="
    },
    "node_modules/google-protobuf": {
      "version": "3.17.3",
      "resolved": "https://registry.npmjs.org/google-protobuf/-/google-protobuf-3.17.3.tgz",
      "integrity": "sha512-OVPzcSWIAJ+d5yiHyeaLrdufQtrvaBrF4JQg+z8ynTkbO3uFcujqXszTumqg1cGsAsjkWnI+M5B1xZ19yR4Wyg==",
      "peer": true
    },
    "node_modules/typescript": {
      "version": "4.3.5",
      "resolved": "https://registry.npmjs.org/typescript/-/typescript-4.3.5.tgz",
      "integrity": "sha512-DqQgihaQ9cUrskJo9kIyW/+g0Vxsk8cDtZ52a3NGh0YNTfpUSArXSohyUGnvbPazEPLu398C0UxmKSOrPumUzA==",
      "dev": true,
      "bin": {
        "tsc": "bin/tsc",
        "tsserver": "bin/tsserver"
      },
      "engines": {
        "node": ">=4.2.0"
      }
    }
  },
  "dependencies": {
    "@grpc/grpc-js": {
      "version": "1.3.7",
      "resolved": "https://registry.npmjs.org/@grpc/grpc-js/-/grpc-js-1.3.7.tgz",
      "integrity": "sha512-CKQVuwuSPh40tgOkR7c0ZisxYRiN05PcKPW72mQL5y++qd7CwBRoaJZvU5xfXnCJDFBmS3qZGQ71Frx6Ofo2XA==",
      "peer": true,
      "requires": {
        "@types/node": ">=12.12.47"
      }
    },
    "@types/node": {
      "version": "16.6.1",
      "resolved": "https://registry.npmjs.org/@types/node/-/node-16.6.1.tgz",
      "integrity": "sha512-Sr7BhXEAer9xyGuCN3Ek9eg9xPviCF2gfu9kTfuU2HkTVAMYSDeX40fvpmo72n5nansg3nsBjuQBrsS28r+NUw=="
    },
    "google-protobuf": {
      "version": "3.17.3",
      "resolved": "https://registry.npmjs.org/google-protobuf/-/google-protobuf-3.17.3.tgz",
      "integrity": "sha512-OVPzcSWIAJ+d5yiHyeaLrdufQtrvaBrF4JQg+z8ynTkbO3uFcujqXszTumqg1cGsAsjkWnI+M5B1xZ19yR4Wyg==",
      "peer": true
    },
    "typescript": {
      "version": "4.3.5",
      "resolved": "https://registry.npmjs.org/typescript/-/typescript-4.3.5.tgz",
      "integrity": "sha512-DqQgihaQ9cUrskJo9kIyW/+g0Vxsk8cDtZ52a3NGh0YNTfpUSArXSohyUGnvbPazEPLu398C0UxmKSOrPumUzA==",
      "dev": true
    }
  }
}
