{
    "_meta": {
        "hash": {
            "sha256": "a0e784e01fa58b7e72586c750e3879a2a85bec8a44f757dfd1c91eda6b49e42d"
        },
        "pipfile-spec": 6,
        "requires": {
            "python_version": "3.8"
        },
        "sources": [
            {
                "name": "pypi",
                "url": "https://pypi.org/simple",
                "verify_ssl": true
            }
        ]
    },
    "default": {
        "grpcio": {
            "hashes": [
                "sha256:0072ec4563ab4268c4c32e936955085c2d41ea175b662363496daedd2273372c",
                "sha256:048c01d1eb5c2ae7cba2254b98938d2fc81f6dc10d172d9261d65266adb0fdb3",
                "sha256:088c8bea0f6b596937fefacf2c8df97712e7a3dd49496975049cc95dbf02af1a",
                "sha256:0f714e261e1d63615476cda4ee808a79cca62f8f09e2943c136c2f87ec5347b1",
                "sha256:16fd33030944672e49e0530dec2c60cd4089659ccdf327e99569b3b29246a0b6",
                "sha256:1757e81c09132851e85495b802fe4d4fbef3547e77fa422a62fb4f7d51785be0",
                "sha256:17940a7dc461066f28816df48be44f24d3b9f150db344308ee2aeae033e1af0b",
                "sha256:18ad7644e23757420ea839ac476ef861e4f4841c8566269b7c91c100ca1943b3",
                "sha256:1aa53f82362c7f2791fe0cdd9a3b3aec325c11d8f0dfde600f91907dfaa8546b",
                "sha256:22edfc278070d54f3ab7f741904e09155a272fe934e842babbf84476868a50de",
                "sha256:2f8e8d35d4799aa1627a212dbe8546594abf4064056415c31bd1b3b8f2a62027",
                "sha256:35b72884e09cbc46c564091f4545a39fa66d132c5676d1a6e827517fff47f2c1",
                "sha256:399ee377b312ac652b07ef4365bbbba009da361fa7708c4d3d4ce383a1534ea7",
                "sha256:3e7d4428ed752fdfe2dddf2a404c93d3a2f62bf4b9109c0c10a850c698948891",
                "sha256:44aaa6148d18a8e836f99dadcdec17b27bc7ec0995b2cc12c94e61826040ec90",
                "sha256:6ba3d7acf70acde9ce27e22921db921b84a71be578b32739536c32377b65041a",
                "sha256:75ea903edc42a8c6ec61dbc5f453febd79d8bdec0e1bad6df7088c34282e8c42",
                "sha256:764b50ba1a15a2074cdd1a841238f2dead0a06529c495a46821fae84cb9c7342",
                "sha256:7ae408780b79c9b9b91a2592abd1d7abecd05675d988ea75038580f420966b59",
                "sha256:7bd0ebbb14dde78bf66a1162efd29d3393e4e943952e2f339757aa48a184645c",
                "sha256:7ee7d54da9d176d3c9a0f47c04d7ff6fdc6ee1c17643caff8c33d6c8a70678a4",
                "sha256:859a0ceb23d7189362cc06fe7e906e9ed5c7a8f3ac960cc04ce13fe5847d0b62",
                "sha256:87147b1b306c88fe7dca7e3dff8aefd1e63d6aed86e224f9374ddf283f17d7f1",
                "sha256:8a29a26b9f39701ce15aa1d5aa5e96e0b5f7028efe94f95341a4ed8dbe4bed78",
                "sha256:8d08f90d72a8e8d9af087476337da76d26749617b0a092caff4e684ce267af21",
                "sha256:94c3b81089a86d3c5877d22b07ebc66b5ed1d84771e24b001844e29a5b6178dd",
                "sha256:95cc4d2067deced18dc807442cf8062a93389a86abf8d40741120054389d3f29",
                "sha256:9e503eaf853199804a954dc628c5207e67d6c7848dcba42a997fbe718618a2b1",
                "sha256:9f0da13b215068e7434b161a35d0b4e92140ffcfa33ddda9c458199ea1d7ce45",
                "sha256:a36151c335280b09afd5123f3b25085027ae2b10682087a4342fb6f635b928fb",
                "sha256:aca45d2ccb693c9227fbf21144891422a42dc4b76b52af8dd1d4e43afebe321d",
                "sha256:acb489b7aafdcf960f1a0000a1f22b45e5b6ccdf8dba48f97617d627f4133195",
                "sha256:aea3d592a7ece84739b92d212cd16037c51d84a259414f64b51c14e946611f3d",
                "sha256:b180a3ec4a5d6f96d3840c83e5f8ab49afac9fa942921e361b451d7a024efb00",
                "sha256:b2985f73611b637271b00d9c4f177e65cc3193269bc9760f16262b1a12757265",
                "sha256:c8d0a6a58a42275c6cb616e7cb9f9fcf5eba1e809996546e561cd818b8f7cff7",
                "sha256:d186a0ce291f4386e28a7042ec31c85250b0c2e25d2794b87fa3c15ff473c46c",
                "sha256:da44bf613eed5d9e8df0785463e502a416de1be6e4ac31edbe99c9111abaed5f",
                "sha256:dc2589370ef84eb1cc53530070d658a7011d2ee65f18806581809c11cd016136",
                "sha256:dfecb2acd3acb8bb50e9aa31472c6e57171d97c1098ee67cd283a6fe7d56a926",
                "sha256:e163c27d2062cd3eb07057f23f8d1330925beaba16802312b51b4bad33d74098",
                "sha256:e87e55fba98ebd7b4c614dcef9940dc2a7e057ad8bba5f91554934d47319a35b",
                "sha256:efb3d67405eb8030db6f27920b4be023fabfb5d4e09c34deab094a7c473a5472",
                "sha256:efd896e8ca7adb2654cf014479a5e1f74e4f776b6b2c0fbf95a6c92787a6631a",
                "sha256:f0c27fd16582a303e5baf6cffd9345c9ac5f855d69a51232664a0b888a77ba80",
                "sha256:f3654a52f72ba28953dbe2e93208099f4903f4b3c07dc7ff4db671c92968111d"
            ],
            "version": "==1.35.0"
        },
        "grpcio-tools": {
            "hashes": [
                "sha256:081cad29621dadec6b5cedb818c3261ac25ba5a78c09dffe18d51637debfd750",
                "sha256:09f25ad6d47566b5ca3eefae7d499d1c431646d20b6543a00b70fe7fe61b1a02",
                "sha256:0d44a17cac96005cec38e8197ec2b76a61fea6f3861c38765a3b51a4787fdbef",
                "sha256:278092221bcbf3e9710e64e0f64b3ffd91879da87cc901151f52f50ab2c1e364",
                "sha256:2db16055baed821fd1e12d3154cab26bec6a947ff47eaad7aedc2f86b4dead02",
                "sha256:2e6f9b93b19ad5d680beeccd937357e8bd8403f1090a6ce4369c9fc162d5c3f1",
                "sha256:36b71fddb8876d619b6f00e49d47b917b716ca5761b9037631f1256851ed74dc",
                "sha256:3a407b9e2ca0a15b4d337120e8a5ad35fedaaf658c40c445d63d41abb8f8f5e3",
                "sha256:40aae8f6c75864b9063aed405158b6926dc71d1a6b9a3f89c4b4ce5915f7b154",
                "sha256:4346774a7edf07d29fa1bc96ec69a53c3bb222e1e07d1046ed19fe3cff1c96bc",
                "sha256:55f4e125b5d4af409ec5783009794262fb28fc9d01cc1cd0a123c59ea7d9a03b",
                "sha256:584888e7b679e329c18ec1cc93b8d43514d7311a83080382bdde36edaa2fc3f8",
                "sha256:5979937daddc1cf624a11ee5e45baa6e7f1c03948f8534529e08c0baef963b2d",
                "sha256:5a90192f5b198a5d3b2d8015f9088f4fcfdf8c1020931afb48f8bb52db02ef92",
                "sha256:6400950ebc37cc74c8b1d8a25ef4c624f3daf08b5f61c6ba6175845908c0e9d7",
                "sha256:686462d1abbd4d9c13f96a8b3442e62ce4ed412272996012cc561a6dcc7e65b2",
                "sha256:6b3e10a2b1409e4bbc744d8f966b2291bf042fea612d3c144797d8e845335ee4",
                "sha256:74762069fb0336535518097cb765250fe2800c19dfb9a62bd3ebf7c1d31f568c",
                "sha256:76d51b8625f49a52ffd207b586e459e9f04f2451226c1602e9eb1e67c530d830",
                "sha256:792e4ed3ab2063d330067253cf76d9b6d4b957fb723cb191adf025486df69f3f",
                "sha256:7a4b1d0399259449b9ead9a1e43611da281c6cce6fab2629ad4f9b16887679a9",
                "sha256:7a9877611bbd9587dbf8cc2d80edb99fce371faaa504960cf27ca4bb43b3eeb3",
                "sha256:7d7c98448835df0d64c34c205b53a088c631efa2623f180ae08f13d3427c6905",
                "sha256:853f632fcb354c4c48c4abb151a3f7d9ecf1ab662fbc3483eb4f941f61573b88",
                "sha256:895f6926310e6c1bd4424af2c9b1c777481c246a87c9943478e9d12631fa5331",
                "sha256:947f9d96271c7ab0470b58438bd788ce1d4308c73696eea64eab58e7e68c1d39",
                "sha256:9777378bfb59e5bfe9f972d01c27e502b577f8c5d539967ae17409e562b3b347",
                "sha256:9bfae79bd3c2bd6f49d72243408c269a4cb9f6e2231aae06c5df5106d60ebf5d",
                "sha256:a35f0663154f5083b4e84661c33bf193797de7d68138a1e94ddd9bec4b7d0d39",
                "sha256:aeae23f77c668b9d4bce43007eeeb395d8e87c72f1281d2329872bc43ea66a83",
                "sha256:af40774c0275f5465f49fd92bfcd9831b19b013de4cc77b8fb38aea76fa6dce3",
                "sha256:b57fcd12c210916f8addbb983ff2264a675acdd0665be0df87f30efccec50119",
                "sha256:b68ce929acb8c392b83c49257e18f03d73ca3af408bfd5f7e78fe351c384c008",
                "sha256:ba1bd7e60872727b0123b80658a723ba39357f3baa85a53d3a4a877fdc68e218",
                "sha256:ba2971017ed3e1d429abeef7e3d98a7aff5191d76e63ebf5b0a700d6b505d342",
                "sha256:bc33d340c981b5f2ecdc11888e4c9f462fe25811da0bd98080a0f239a5c71cc0",
                "sha256:be6f34a188806dbec3dba9e6c6b41253507f3b7e4beeb344a02903609d708659",
                "sha256:c2a3a69871047dccd49507cb989b6f84e24f5427902930d92e10cf1e366e578a",
                "sha256:cb0dbc3203975efaf541887fa641742287c3473298a9a45b9619506b27ce7028",
                "sha256:d0b1651a66c0254e84207b108cb5f76a0076141dda35d522de1f4a4a33e2db82",
                "sha256:da31aeebb9c3a901bf1f0773fac20cb9e9d662cdf4f19eabc6dc55c52409d09c",
                "sha256:eb2a452ecf9b8c0beee6a49ea3e42bd5344e07dab9692b0c60ef7caf9dbf0e7e",
                "sha256:ed34b6316c6a932d8586a3567d341599aff5a61a34f9d6640501f4af5537b95e",
                "sha256:ed36ca81cdbe08f2976323930f8430ec97a68ec7d690606d59a7303ae6b61726",
                "sha256:f80943d6ff6fb0125e68a7af7591a5373d177c8e97a9fcfaeb873cb0a11efbff",
                "sha256:fb0651c7ba378b18865dac9f10414c0e15ddc190ea6fd0b5c96bfe235276304e"
            ],
            "index": "pypi",
            "version": "==1.33.2"
        },
        "grpclib": {
            "hashes": [
                "sha256:8c0021cd038634c268249e4cd168d9f3570e66ceceec1c9416094b788ebc8372"
            ],
            "index": "pypi",
            "version": "==0.4.1"
        },
        "h2": {
            "hashes": [
                "sha256:ac9e293a1990b339d5d71b19c5fe630e3dd4d768c620d1730d355485323f1b25",
                "sha256:bb7ac7099dd67a857ed52c815a6192b6b1f5ba6b516237fc24a085341340593d"
            ],
            "markers": "python_full_version >= '3.6.1'",
            "version": "==4.0.0"
        },
        "hpack": {
            "hashes": [
                "sha256:84a076fad3dc9a9f8063ccb8041ef100867b1878b25ef0ee63847a5d53818a6c",
                "sha256:fc41de0c63e687ebffde81187a948221294896f6bdc0ae2312708df339430095"
            ],
            "markers": "python_full_version >= '3.6.1'",
            "version": "==4.0.0"
        },
        "hyperframe": {
            "hashes": [
                "sha256:742d2a4bc3152a340a49d59f32e33ec420aa8e7054c1444ef5c7efff255842f1",
                "sha256:a51026b1591cac726fc3d0b7994fbc7dc5efab861ef38503face2930fd7b2d34"
            ],
            "markers": "python_full_version >= '3.6.1'",
            "version": "==6.0.0"
        },
        "multidict": {
            "hashes": [
                "sha256:018132dbd8688c7a69ad89c4a3f39ea2f9f33302ebe567a879da8f4ca73f0d0a",
                "sha256:051012ccee979b2b06be928a6150d237aec75dd6bf2d1eeeb190baf2b05abc93",
                "sha256:05c20b68e512166fddba59a918773ba002fdd77800cad9f55b59790030bab632",
                "sha256:07b42215124aedecc6083f1ce6b7e5ec5b50047afa701f3442054373a6deb656",
                "sha256:0e3c84e6c67eba89c2dbcee08504ba8644ab4284863452450520dad8f1e89b79",
                "sha256:0e929169f9c090dae0646a011c8b058e5e5fb391466016b39d21745b48817fd7",
                "sha256:1ab820665e67373de5802acae069a6a05567ae234ddb129f31d290fc3d1aa56d",
                "sha256:25b4e5f22d3a37ddf3effc0710ba692cfc792c2b9edfb9c05aefe823256e84d5",
                "sha256:2e68965192c4ea61fff1b81c14ff712fc7dc15d2bd120602e4a3494ea6584224",
                "sha256:2f1a132f1c88724674271d636e6b7351477c27722f2ed789f719f9e3545a3d26",
                "sha256:37e5438e1c78931df5d3c0c78ae049092877e5e9c02dd1ff5abb9cf27a5914ea",
                "sha256:3a041b76d13706b7fff23b9fc83117c7b8fe8d5fe9e6be45eee72b9baa75f348",
                "sha256:3a4f32116f8f72ecf2a29dabfb27b23ab7cdc0ba807e8459e59a93a9be9506f6",
                "sha256:46c73e09ad374a6d876c599f2328161bcd95e280f84d2060cf57991dec5cfe76",
                "sha256:46dd362c2f045095c920162e9307de5ffd0a1bfbba0a6e990b344366f55a30c1",
                "sha256:4b186eb7d6ae7c06eb4392411189469e6a820da81447f46c0072a41c748ab73f",
                "sha256:54fd1e83a184e19c598d5e70ba508196fd0bbdd676ce159feb412a4a6664f952",
                "sha256:585fd452dd7782130d112f7ddf3473ffdd521414674c33876187e101b588738a",
                "sha256:5cf3443199b83ed9e955f511b5b241fd3ae004e3cb81c58ec10f4fe47c7dce37",
                "sha256:6a4d5ce640e37b0efcc8441caeea8f43a06addace2335bd11151bc02d2ee31f9",
                "sha256:7df80d07818b385f3129180369079bd6934cf70469f99daaebfac89dca288359",
                "sha256:806068d4f86cb06af37cd65821554f98240a19ce646d3cd24e1c33587f313eb8",
                "sha256:830f57206cc96ed0ccf68304141fec9481a096c4d2e2831f311bde1c404401da",
                "sha256:929006d3c2d923788ba153ad0de8ed2e5ed39fdbe8e7be21e2f22ed06c6783d3",
                "sha256:9436dc58c123f07b230383083855593550c4d301d2532045a17ccf6eca505f6d",
                "sha256:9dd6e9b1a913d096ac95d0399bd737e00f2af1e1594a787e00f7975778c8b2bf",
                "sha256:ace010325c787c378afd7f7c1ac66b26313b3344628652eacd149bdd23c68841",
                "sha256:b47a43177a5e65b771b80db71e7be76c0ba23cc8aa73eeeb089ed5219cdbe27d",
                "sha256:b797515be8743b771aa868f83563f789bbd4b236659ba52243b735d80b29ed93",
                "sha256:b7993704f1a4b204e71debe6095150d43b2ee6150fa4f44d6d966ec356a8d61f",
                "sha256:d5c65bdf4484872c4af3150aeebe101ba560dcfb34488d9a8ff8dbcd21079647",
                "sha256:d81eddcb12d608cc08081fa88d046c78afb1bf8107e6feab5d43503fea74a635",
                "sha256:dc862056f76443a0db4509116c5cd480fe1b6a2d45512a653f9a855cc0517456",
                "sha256:ecc771ab628ea281517e24fd2c52e8f31c41e66652d07599ad8818abaad38cda",
                "sha256:f200755768dc19c6f4e2b672421e0ebb3dd54c38d5a4f262b872d8cfcc9e93b5",
                "sha256:f21756997ad8ef815d8ef3d34edd98804ab5ea337feedcd62fb52d22bf531281",
                "sha256:fc13a9524bc18b6fb6e0dbec3533ba0496bbed167c56d0aabefd965584557d80"
            ],
            "markers": "python_version >= '3.6'",
            "version": "==5.1.0"
        },
        "protobuf": {
            "hashes": [
                "sha256:0e247612fadda953047f53301a7b0407cb0c3cb4ae25a6fde661597a04039b3c",
                "sha256:0fc96785262042e4863b3f3b5c429d4636f10d90061e1840fce1baaf59b1a836",
                "sha256:1c51fda1bbc9634246e7be6016d860be01747354ed7015ebe38acf4452f470d2",
                "sha256:1d63eb389347293d8915fb47bee0951c7b5dab522a4a60118b9a18f33e21f8ce",
                "sha256:22bcd2e284b3b1d969c12e84dc9b9a71701ec82d8ce975fdda19712e1cfd4e00",
                "sha256:2a7e2fe101a7ace75e9327b9c946d247749e564a267b0515cf41dfe450b69bac",
                "sha256:43b554b9e73a07ba84ed6cf25db0ff88b1e06be610b37656e292e3cbb5437472",
                "sha256:4b74301b30513b1a7494d3055d95c714b560fbb630d8fb9956b6f27992c9f980",
                "sha256:4e75105c9dfe13719b7293f75bd53033108f4ba03d44e71db0ec2a0e8401eafd",
                "sha256:5b7a637212cc9b2bcf85dd828b1178d19efdf74dbfe1ddf8cd1b8e01fdaaa7f5",
                "sha256:5e9806a43232a1fa0c9cf5da8dc06f6910d53e4390be1fa06f06454d888a9142",
                "sha256:629b03fd3caae7f815b0c66b41273f6b1900a579e2ccb41ef4493a4f5fb84f3a",
                "sha256:72230ed56f026dd664c21d73c5db73ebba50d924d7ba6b7c0d81a121e390406e",
                "sha256:86a75477addde4918e9a1904e5c6af8d7b691f2a3f65587d73b16100fbe4c3b2",
                "sha256:8971c421dbd7aad930c9bd2694122f332350b6ccb5202a8b7b06f3f1a5c41ed5",
                "sha256:9616f0b65a30851e62f1713336c931fcd32c057202b7ff2cfbfca0fc7d5e3043",
                "sha256:b0d5d35faeb07e22a1ddf8dce620860c8fe145426c02d1a0ae2688c6e8ede36d",
                "sha256:ecc33531a213eee22ad60e0e2aaea6c8ba0021f0cce35dbf0ab03dee6e2a23a1"
            ],
            "version": "==3.14.0"
        },
        "six": {
            "hashes": [
                "sha256:30639c035cdb23534cd4aa2dd52c3bf48f06e5f4a941509c8bafd8ce11080259",
                "sha256:8b74bedcbbbaca38ff6d7491d76f2b06b3592611af620f8426e82dddb04a5ced"
            ],
            "markers": "python_version >= '2.7' and python_version not in '3.0, 3.1, 3.2, 3.3'",
            "version": "==1.15.0"
        }
    },
    "develop": {}
}
