{
    "_meta": {
        "hash": {
            "sha256": "6c50d5b3807e658efc2ac69a4764c9fb773623a657bc7714e960fbec4de26f9f"
        },
        "pipfile-spec": 6,
        "requires": {
            "python_version": "3.8"
        },
        "sources": [
            {
                "name": "pypi",
                "url": "https://pypi.org/simple",
                "verify_ssl": true
            }
        ]
    },
    "default": {
        "grpcio": {
            "hashes": [
                "sha256:01d3046fe980be25796d368f8fc5ff34b7cf5e1444f3789a017a7fe794465639",
                "sha256:07b430fa68e5eecd78e2ad529ab80f6a234b55fc1b675fe47335ccbf64c6c6c8",
                "sha256:0e3edd8cdb71809d2455b9dbff66b4dd3d36c321e64bfa047da5afdfb0db332b",
                "sha256:0f3f09269ffd3fded430cd89ba2397eabbf7e47be93983b25c187cdfebb302a7",
                "sha256:1376a60f9bfce781b39973f100b5f67e657b5be479f2fd8a7d2a408fc61c085c",
                "sha256:14c0f017bfebbc18139551111ac58ecbde11f4bc375b73a53af38927d60308b6",
                "sha256:182c64ade34c341398bf71ec0975613970feb175090760ab4f51d1e9a5424f05",
                "sha256:1ada89326a364a299527c7962e5c362dbae58c67b283fe8383c4d952b26565d5",
                "sha256:1ce6f5ff4f4a548c502d5237a071fa617115df58ea4b7bd41dac77c1ab126e9c",
                "sha256:1d384a61f96a1fc6d5d3e0b62b0a859abc8d4c3f6d16daba51ebf253a3e7df5d",
                "sha256:25959a651420dd4a6fd7d3e8dee53f4f5fd8c56336a64963428e78b276389a59",
                "sha256:28677f057e2ef11501860a7bc15de12091d40b95dd0fddab3c37ff1542e6b216",
                "sha256:378fe80ec5d9353548eb2a8a43ea03747a80f2e387c4f177f2b3ff6c7d898753",
                "sha256:3afb058b6929eba07dba9ae6c5b555aa1d88cb140187d78cc510bd72d0329f28",
                "sha256:4396b1d0f388ae875eaf6dc05cdcb612c950fd9355bc34d38b90aaa0665a0d4b",
                "sha256:4775bc35af9cd3b5033700388deac2e1d611fa45f4a8dcb93667d94cb25f0444",
                "sha256:5bddf9d53c8df70061916c3bfd2f468ccf26c348bb0fb6211531d895ed5e4c72",
                "sha256:6d869a3e8e62562b48214de95e9231c97c53caa7172802236cd5d60140d7cddd",
                "sha256:6f7947dad606c509d067e5b91a92b250aa0530162ab99e4737090f6b17eb12c4",
                "sha256:7cda998b7b551503beefc38db9be18c878cfb1596e1418647687575cdefa9273",
                "sha256:99bac0e2c820bf446662365df65841f0c2a55b0e2c419db86eaf5d162ddae73e",
                "sha256:9c0d8f2346c842088b8cbe3e14985b36e5191a34bf79279ba321a4bf69bd88b7",
                "sha256:a8004b34f600a8a51785e46859cd88f3386ef67cccd1cfc7598e3d317608c643",
                "sha256:ac7028d363d2395f3d755166d0161556a3f99500a5b44890421ccfaaf2aaeb08",
                "sha256:be98e3198ec765d0a1e27f69d760f69374ded8a33b953dcfe790127731f7e690",
                "sha256:c31e8a219650ddae1cd02f5a169e1bffe66a429a8255d3ab29e9363c73003b62",
                "sha256:c4966d746dccb639ef93f13560acbe9630681c07f2b320b7ec03fe2c8f0a1f15",
                "sha256:c58825a3d8634cd634d8f869afddd4d5742bdb59d594aea4cea17b8f39269a55",
                "sha256:ce617e1c4a39131f8527964ac9e700eb199484937d7a0b3e52655a3ba50d5fb9",
                "sha256:e28e4c0d4231beda5dee94808e3a224d85cbaba3cfad05f2192e6f4ec5318053",
                "sha256:e467af6bb8f5843f5a441e124b43474715cfb3981264e7cd227343e826dcc3ce",
                "sha256:e6786f6f7be0937614577edcab886ddce91b7c1ea972a07ef9972e9f9ecbbb78",
                "sha256:e811ce5c387256609d56559d944a974cc6934a8eea8c76e7c86ec388dc06192d",
                "sha256:ec10d5f680b8e95a06f1367d73c5ddcc0ed04a3f38d6e4c9346988fb0cea2ffa",
                "sha256:ef9bd7fdfc0a063b4ed0efcab7906df5cae9bbcf79d05c583daa2eba56752b00",
                "sha256:f03dfefa9075dd1c6c5cc27b1285c521434643b09338d8b29e1d6a27b386aa82",
                "sha256:f12900be4c3fd2145ba94ab0d80b7c3d71c9e6414cfee2f31b1c20188b5c281f",
                "sha256:f53f2dfc8ff9a58a993e414a016c8b21af333955ae83960454ad91798d467c7b",
                "sha256:f7d508691301027033215d3662dab7e178f54d5cca2329f26a71ae175d94b83f"
            ],
            "version": "==1.32.0"
        },
        "grpcio-tools": {
            "hashes": [
                "sha256:07c1da5f1dbd4db664d416f68db6a92d5c88b4073ec6be41fcc7aa4d632f60a9",
                "sha256:11228fb5343c197e1f4376a966f6845ea270c794ec925260b8a27f6df5d90d04",
                "sha256:130c248d0d94473f3eb80d86bdae35a39eb20ab98fde6d227e7f7e053ccbba88",
                "sha256:246caf8cdea97ff3710a810c55c9400e3aa7af1a5464a667d62184e38a58a031",
                "sha256:28547272c51e1d2d343685b9f531e85bb90ad7bd93e726ba646b5627173cbc47",
                "sha256:37acc75ec1dc836772496ef77170fab585e2517abdf1330c29e682eb50a6ce86",
                "sha256:3971dee0cf57dc3813f6f40724161341ec3b31137b026ae8d4db30c83afeb2a1",
                "sha256:4e04d6a7c48adbdca64e9b67cc75e8294b3b37b1284dd2819183e38a4207aa39",
                "sha256:4f61edfb0c07689a2835f15f4a25a781f058866cb4fea0bea391ae6deb74325f",
                "sha256:524f0460a49a3248d1cb462d0904e783a75bb3cecdcaea520c3688c8bccd9f2f",
                "sha256:541a6b992aa417a6305c965bb6896aa1a1ca37d00a82d5438074b18db6a37aad",
                "sha256:6155ed6fed3c9a41fd03156c31adb5012c2399992c929987d3fa8ff1cd3c7cd8",
                "sha256:6327f2c6acca4eac1d5a8e1ee92282682b83069d53199ff8ce18906e912086ed",
                "sha256:632bba5853e955072392aac42fbca16daf65adfc0ec094fa840afbb83c78bee8",
                "sha256:6aa6dd1d7e746c41803a209565d23e6027b0a5dd9b59596da37f99257cc58e65",
                "sha256:6e26e8d0ef73c04dc1118513c06ff56bce36672c8e28410ae4f938c22002ba00",
                "sha256:708077380f458ef831e7da67f574abfb2fc6b6a24225c5976d92809b8930254c",
                "sha256:71c451240e66245125e504abee5acc7ab30da099d5c17596d43ecc66e6034e20",
                "sha256:7a18d6375efe075cc274fdfe004bee4530319a2dbb044eb7eb157c313fe88c97",
                "sha256:7d5be0d06bf830efbf1867db7b01720e54a136454410270e896441ec56baba00",
                "sha256:8147085f0a044ddc27c870feb8e82a25685f3fdf09184dba0f63fed720f12e93",
                "sha256:83414dd919b692d92876db787b6fda709c226243c9bdb71b5025297a127f3be4",
                "sha256:9b5beb49002bb1f1c0641b55ddc2d1d92c7844fb42348e874146bf7667b6ca20",
                "sha256:9b92f998ed1d01925160e47e9546c742aa0de49009f8fa3bb79420252d8a888d",
                "sha256:a137b6079c96f11f0854a4793910f76aa4a62283947311b6e5131369fa226b48",
                "sha256:a3524be59d4e6f8b089f7eaa128bc83e2375aac973f1bf0b568cd1c04c4df56e",
                "sha256:a7432b84d6f2f6260d5461eb2a8904db8cf24b663e0a1236375098c8e15c289c",
                "sha256:adeae62f3bd1c6839e3822620f7650d30adb7398170e3a0b45a0059f9fe631c8",
                "sha256:b31e7e909ba9efd8a08eb45665bf2f8326726da288d9e33555473e6b20596dbd",
                "sha256:b6165dc7d424c3c58a54e9e47eacc7cc1513cd09c7c71ff5323e74ead5bb863f",
                "sha256:bcc62cb4a3c9a39fb9e349124018e7d7edf0f627592561410e28b590767b831f",
                "sha256:c2da2a4b2209156d0f88f91bd5d4650a9ed830acb6f685881a26d67d3f671361",
                "sha256:d11f432ed6fde059b33c514b64fcbf4527f56e03ff94f52f95121547c6945825",
                "sha256:d3d01ebc1526cc9cdc5e29d2196bae43d56d8ec545dd30fead8b8b3e0b126808",
                "sha256:de8ca90742bd41a19c1067fba6ffa13befd3ddb505d67eb297d6a418a5937a25",
                "sha256:e2a37e716ef6b5e81c44648648aae258b67b9ef19e0a472ec4080f5e384be386",
                "sha256:e83146ef8f17e3a35fe77a438794f0a4a50ea11085194bfea1b419c1b342f7b1",
                "sha256:f5f381943081792d82fe34c5a649d98a6b91741c6d62cbca8914943b8d1a4e8b",
                "sha256:fd059d37d9537fa1a89b1139f8cbed7530a5f81c8577560d3f7710fcec95efde"
            ],
            "index": "pypi",
            "version": "==1.32.0"
        },
        "grpclib": {
            "hashes": [
                "sha256:8c0021cd038634c268249e4cd168d9f3570e66ceceec1c9416094b788ebc8372"
            ],
            "index": "pypi",
            "version": "==0.4.1"
        },
        "h2": {
            "hashes": [
                "sha256:ac9e293a1990b339d5d71b19c5fe630e3dd4d768c620d1730d355485323f1b25",
                "sha256:bb7ac7099dd67a857ed52c815a6192b6b1f5ba6b516237fc24a085341340593d"
            ],
            "markers": "python_full_version >= '3.6.1'",
            "version": "==4.0.0"
        },
        "hpack": {
            "hashes": [
                "sha256:84a076fad3dc9a9f8063ccb8041ef100867b1878b25ef0ee63847a5d53818a6c",
                "sha256:fc41de0c63e687ebffde81187a948221294896f6bdc0ae2312708df339430095"
            ],
            "markers": "python_full_version >= '3.6.1'",
            "version": "==4.0.0"
        },
        "hyperframe": {
            "hashes": [
                "sha256:742d2a4bc3152a340a49d59f32e33ec420aa8e7054c1444ef5c7efff255842f1",
                "sha256:a51026b1591cac726fc3d0b7994fbc7dc5efab861ef38503face2930fd7b2d34"
            ],
            "markers": "python_full_version >= '3.6.1'",
            "version": "==6.0.0"
        },
        "multidict": {
            "hashes": [
                "sha256:1ece5a3369835c20ed57adadc663400b5525904e53bae59ec854a5d36b39b21a",
                "sha256:275ca32383bc5d1894b6975bb4ca6a7ff16ab76fa622967625baeebcf8079000",
                "sha256:3750f2205b800aac4bb03b5ae48025a64e474d2c6cc79547988ba1d4122a09e2",
                "sha256:4538273208e7294b2659b1602490f4ed3ab1c8cf9dbdd817e0e9db8e64be2507",
                "sha256:5141c13374e6b25fe6bf092052ab55c0c03d21bd66c94a0e3ae371d3e4d865a5",
                "sha256:51a4d210404ac61d32dada00a50ea7ba412e6ea945bbe992e4d7a595276d2ec7",
                "sha256:5cf311a0f5ef80fe73e4f4c0f0998ec08f954a6ec72b746f3c179e37de1d210d",
                "sha256:6513728873f4326999429a8b00fc7ceddb2509b01d5fd3f3be7881a257b8d463",
                "sha256:7388d2ef3c55a8ba80da62ecfafa06a1c097c18032a501ffd4cabbc52d7f2b19",
                "sha256:9456e90649005ad40558f4cf51dbb842e32807df75146c6d940b6f5abb4a78f3",
                "sha256:c026fe9a05130e44157b98fea3ab12969e5b60691a276150db9eda71710cd10b",
                "sha256:d14842362ed4cf63751648e7672f7174c9818459d169231d03c56e84daf90b7c",
                "sha256:e0d072ae0f2a179c375f67e3da300b47e1a83293c554450b29c900e50afaae87",
                "sha256:f07acae137b71af3bb548bd8da720956a3bc9f9a0b87733e0899226a2317aeb7",
                "sha256:fbb77a75e529021e7c4a8d4e823d88ef4d23674a202be4f5addffc72cbb91430",
                "sha256:fcfbb44c59af3f8ea984de67ec7c306f618a3ec771c2843804069917a8f2e255",
                "sha256:feed85993dbdb1dbc29102f50bca65bdc68f2c0c8d352468c25b54874f23c39d"
            ],
            "markers": "python_version >= '3.5'",
            "version": "==4.7.6"
        },
        "protobuf": {
            "hashes": [
                "sha256:0bba42f439bf45c0f600c3c5993666fcb88e8441d011fad80a11df6f324eef33",
                "sha256:1e834076dfef9e585815757a2c7e4560c7ccc5962b9d09f831214c693a91b463",
                "sha256:339c3a003e3c797bc84499fa32e0aac83c768e67b3de4a5d7a5a9aa3b0da634c",
                "sha256:361acd76f0ad38c6e38f14d08775514fbd241316cce08deb2ce914c7dfa1184a",
                "sha256:3dee442884a18c16d023e52e32dd34a8930a889e511af493f6dc7d4d9bf12e4f",
                "sha256:4d1174c9ed303070ad59553f435846a2f877598f59f9afc1b89757bdf846f2a7",
                "sha256:5db9d3e12b6ede5e601b8d8684a7f9d90581882925c96acf8495957b4f1b204b",
                "sha256:6a82e0c8bb2bf58f606040cc5814e07715b2094caeba281e2e7d0b0e2e397db5",
                "sha256:8c35bcbed1c0d29b127c886790e9d37e845ffc2725cc1db4bd06d70f4e8359f4",
                "sha256:91c2d897da84c62816e2f473ece60ebfeab024a16c1751aaf31100127ccd93ec",
                "sha256:9c2e63c1743cba12737169c447374fab3dfeb18111a460a8c1a000e35836b18c",
                "sha256:9edfdc679a3669988ec55a989ff62449f670dfa7018df6ad7f04e8dbacb10630",
                "sha256:c0c5ab9c4b1eac0a9b838f1e46038c3175a95b0f2d944385884af72876bd6bc7",
                "sha256:c8abd7605185836f6f11f97b21200f8a864f9cb078a193fe3c9e235711d3ff1e",
                "sha256:d69697acac76d9f250ab745b46c725edf3e98ac24763990b24d58c16c642947a",
                "sha256:df3932e1834a64b46ebc262e951cd82c3cf0fa936a154f0a42231140d8237060",
                "sha256:e7662437ca1e0c51b93cadb988f9b353fa6b8013c0385d63a70c8a77d84da5f9",
                "sha256:f68eb9d03c7d84bd01c790948320b768de8559761897763731294e3bc316decb"
            ],
            "version": "==3.13.0"
        },
        "six": {
            "hashes": [
                "sha256:30639c035cdb23534cd4aa2dd52c3bf48f06e5f4a941509c8bafd8ce11080259",
                "sha256:8b74bedcbbbaca38ff6d7491d76f2b06b3592611af620f8426e82dddb04a5ced"
            ],
            "markers": "python_version >= '2.7' and python_version not in '3.0, 3.1, 3.2, 3.3'",
            "version": "==1.15.0"
        }
    },
    "develop": {}
}
